
Microsoft Visual Studio Solution File, Format Version 12.00
# Visual Studio Version 17
VisualStudioVersion = 17.6.33829.357
MinimumVisualStudioVersion = 10.0.40219.1
Project("{2150E333-8FDC-42A3-9474-1A3956D46DE8}") = "src", "src", "{3AE181EA-F77F-4126-8AF4-AE77725F9763}"
EndProject
Project("{2150E333-8FDC-42A3-9474-1A3956D46DE8}") = "Solution Items", "Solution Items", "{C7B500E7-D60B-41C7-BC32-F2BB50C15376}"
	ProjectSection(SolutionItems) = preProject
		ServiceUrls.txt = ServiceUrls.txt
	EndProjectSection
EndProject
Project("{2150E333-8FDC-42A3-9474-1A3956D46DE8}") = "ApiGateways", "ApiGateways", "{0681F38E-DCC6-4C84-B8D8-B673F6DAC75B}"
EndProject
Project("{2150E333-8FDC-42A3-9474-1A3956D46DE8}") = "BuildingBlocks", "BuildingBlocks", "{5748F273-8FCF-4A15-814E-C13DCD499DA6}"
EndProject
Project("{2150E333-8FDC-42A3-9474-1A3956D46DE8}") = "Services", "Services", "{46841971-F8B6-4CC0-8B1A-9DBA7ED4F444}"
EndProject
Project("{2150E333-8FDC-42A3-9474-1A3956D46DE8}") = "Clients", "Clients", "{6F53BB09-591D-42A2-AF6F-5298FEB3A42F}"
EndProject
Project("{2150E333-8FDC-42A3-9474-1A3956D46DE8}") = "BlazorWebApp", "BlazorWebApp", "{342DBA6A-E2BE-4767-9A17-394F1546FFCE}"
EndProject
Project("{2150E333-8FDC-42A3-9474-1A3956D46DE8}") = "WebApiGateway", "WebApiGateway", "{A6A4F4E5-712E-4B11-AA34-AE97F899AD80}"
EndProject
Project("{9A19103F-16F7-4668-BE54-9A1E7A4F7556}") = "Web.ApiGateway", "src\ApiGateways\WebApiGateway\Web.ApiGateway\Web.ApiGateway.csproj", "{5AF38348-6979-4656-9C50-BE11E9DEF0F5}"
EndProject
Project("{2150E333-8FDC-42A3-9474-1A3956D46DE8}") = "EventBus", "EventBus", "{0121F3F1-F2DC-4998-9B51-DE7731B0AD22}"
EndProject
Project("{FAE04EC0-301F-11D3-BF4B-00C04F79EFBC}") = "EventBus.Base", "src\BuildingBlocks\EventBus\EventBus.Base\EventBus.Base.csproj", "{DB3D6860-E30C-4E38-B0CB-2B52A27C2C56}"
EndProject
Project("{FAE04EC0-301F-11D3-BF4B-00C04F79EFBC}") = "EventBus.Factory", "src\BuildingBlocks\EventBus\EventBus.Factory\EventBus.Factory.csproj", "{0676682E-EAEB-4B94-94EE-A5610952430A}"
EndProject
Project("{FAE04EC0-301F-11D3-BF4B-00C04F79EFBC}") = "EventBus.AzureServiceBus", "src\BuildingBlocks\EventBus\EventBus.AzureServiceBus\EventBus.AzureServiceBus.csproj", "{09AE3F83-9E37-40E5-9581-502439DEF81B}"
EndProject
Project("{FAE04EC0-301F-11D3-BF4B-00C04F79EFBC}") = "EventBus.RabbitMQ", "src\BuildingBlocks\EventBus\EventBus.RabbitMQ\EventBus.RabbitMQ.csproj", "{E9EDC61B-C0DD-4464-B287-57CDD1924BEF}"
EndProject
Project("{FAE04EC0-301F-11D3-BF4B-00C04F79EFBC}") = "WebApp", "src\Clients\BlazorWebApp\WebApp\WebApp.csproj", "{C6A54EC0-817D-42EE-8679-52BFAEF9DFF8}"
EndProject
Project("{2150E333-8FDC-42A3-9474-1A3956D46DE8}") = "BasketService", "BasketService", "{F2DE512A-6A85-44C2-9C0C-20D63818C23F}"
EndProject
Project("{FAE04EC0-301F-11D3-BF4B-00C04F79EFBC}") = "BasketService.Api", "src\Services\BasketService\BasketService.Api\BasketService.Api.csproj", "{A914CC3A-E37F-4F28-A45F-8D4CB917EBDA}"
EndProject
Project("{2150E333-8FDC-42A3-9474-1A3956D46DE8}") = "CatalogService", "CatalogService", "{E8A4874F-FA63-4E12-B0FB-51897A97BA8D}"
EndProject
Project("{2150E333-8FDC-42A3-9474-1A3956D46DE8}") = "IdentityService", "IdentityService", "{5A1E07C4-0E1B-4F60-8470-56EB214DEAB4}"
EndProject
Project("{2150E333-8FDC-42A3-9474-1A3956D46DE8}") = "NotificationService", "NotificationService", "{6A5AE250-6139-46DF-884A-3795CF305EA1}"
EndProject
Project("{2150E333-8FDC-42A3-9474-1A3956D46DE8}") = "OrderService", "OrderService", "{D9B4B68B-E9AF-4399-B9E7-900BDE2FFB30}"
EndProject
Project("{FAE04EC0-301F-11D3-BF4B-00C04F79EFBC}") = "CatalogService.Api", "src\Services\CatalogService\CatalogService.Api\CatalogService.Api.csproj", "{7765FB2E-9586-42E0-8A92-5D97DA490489}"
EndProject
Project("{FAE04EC0-301F-11D3-BF4B-00C04F79EFBC}") = "IdentityService.Api", "src\Services\IdentityService\IdentityService.Api\IdentityService.Api.csproj", "{66859143-2F4D-4E05-B732-27817340ADBE}"
EndProject
Project("{FAE04EC0-301F-11D3-BF4B-00C04F79EFBC}") = "NotificationService", "src\Services\NotificationService\NotificationService\NotificationService.csproj", "{F0114F5F-B603-483C-BFC2-41758A7E386F}"
EndProject
Project("{FAE04EC0-301F-11D3-BF4B-00C04F79EFBC}") = "OrderService.Domain", "src\Services\OrderService\OrderService.Domain\OrderService.Domain.csproj", "{567ACDED-6EFD-4832-B1F4-549E54C2A24F}"
EndProject
Project("{FAE04EC0-301F-11D3-BF4B-00C04F79EFBC}") = "OrderService.Application", "src\Services\OrderService\OrderService.Application\OrderService.Application.csproj", "{D6BABC75-EA1E-4FF4-91B7-B228F0F505B9}"
EndProject
Project("{FAE04EC0-301F-11D3-BF4B-00C04F79EFBC}") = "OrderService.Infrastructure", "src\Services\OrderService\OrderService.Infrastructure\OrderService.Infrastructure.csproj", "{0A36A8EA-10C6-45FB-AC33-F3CB533A3F0D}"
EndProject
Project("{FAE04EC0-301F-11D3-BF4B-00C04F79EFBC}") = "OrderService.Api", "src\Services\OrderService\OrderService.Api\OrderService.Api.csproj", "{4700D537-C00F-4114-88B0-6B155432E8BF}"
EndProject
Project("{2150E333-8FDC-42A3-9474-1A3956D46DE8}") = "PaymentService", "PaymentService", "{F4853FED-CF61-4C95-AD7A-2FCBFEB71C8E}"
EndProject
Project("{FAE04EC0-301F-11D3-BF4B-00C04F79EFBC}") = "PaymentService.Api", "src\Services\PaymentService\PaymentService.Api\PaymentService.Api.csproj", "{9472B585-AF03-4BC2-8B91-44E0FCD495DA}"
EndProject
Global
	GlobalSection(SolutionConfigurationPlatforms) = preSolution
		Debug|Any CPU = Debug|Any CPU
		Release|Any CPU = Release|Any CPU
	EndGlobalSection
	GlobalSection(ProjectConfigurationPlatforms) = postSolution
		{5AF38348-6979-4656-9C50-BE11E9DEF0F5}.Debug|Any CPU.ActiveCfg = Debug|Any CPU
		{5AF38348-6979-4656-9C50-BE11E9DEF0F5}.Debug|Any CPU.Build.0 = Debug|Any CPU
		{5AF38348-6979-4656-9C50-BE11E9DEF0F5}.Release|Any CPU.ActiveCfg = Release|Any CPU
		{5AF38348-6979-4656-9C50-BE11E9DEF0F5}.Release|Any CPU.Build.0 = Release|Any CPU
		{DB3D6860-E30C-4E38-B0CB-2B52A27C2C56}.Debug|Any CPU.ActiveCfg = Debug|Any CPU
		{DB3D6860-E30C-4E38-B0CB-2B52A27C2C56}.Debug|Any CPU.Build.0 = Debug|Any CPU
		{DB3D6860-E30C-4E38-B0CB-2B52A27C2C56}.Release|Any CPU.ActiveCfg = Release|Any CPU
		{DB3D6860-E30C-4E38-B0CB-2B52A27C2C56}.Release|Any CPU.Build.0 = Release|Any CPU
		{0676682E-EAEB-4B94-94EE-A5610952430A}.Debug|Any CPU.ActiveCfg = Debug|Any CPU
		{0676682E-EAEB-4B94-94EE-A5610952430A}.Debug|Any CPU.Build.0 = Debug|Any CPU
		{0676682E-EAEB-4B94-94EE-A5610952430A}.Release|Any CPU.ActiveCfg = Release|Any CPU
		{0676682E-EAEB-4B94-94EE-A5610952430A}.Release|Any CPU.Build.0 = Release|Any CPU
		{09AE3F83-9E37-40E5-9581-502439DEF81B}.Debug|Any CPU.ActiveCfg = Debug|Any CPU
		{09AE3F83-9E37-40E5-9581-502439DEF81B}.Debug|Any CPU.Build.0 = Debug|Any CPU
		{09AE3F83-9E37-40E5-9581-502439DEF81B}.Release|Any CPU.ActiveCfg = Release|Any CPU
		{09AE3F83-9E37-40E5-9581-502439DEF81B}.Release|Any CPU.Build.0 = Release|Any CPU
		{E9EDC61B-C0DD-4464-B287-57CDD1924BEF}.Debug|Any CPU.ActiveCfg = Debug|Any CPU
		{E9EDC61B-C0DD-4464-B287-57CDD1924BEF}.Debug|Any CPU.Build.0 = Debug|Any CPU
		{E9EDC61B-C0DD-4464-B287-57CDD1924BEF}.Release|Any CPU.ActiveCfg = Release|Any CPU
		{E9EDC61B-C0DD-4464-B287-57CDD1924BEF}.Release|Any CPU.Build.0 = Release|Any CPU
		{C6A54EC0-817D-42EE-8679-52BFAEF9DFF8}.Debug|Any CPU.ActiveCfg = Debug|Any CPU
		{C6A54EC0-817D-42EE-8679-52BFAEF9DFF8}.Debug|Any CPU.Build.0 = Debug|Any CPU
		{C6A54EC0-817D-42EE-8679-52BFAEF9DFF8}.Release|Any CPU.ActiveCfg = Release|Any CPU
		{C6A54EC0-817D-42EE-8679-52BFAEF9DFF8}.Release|Any CPU.Build.0 = Release|Any CPU
		{A914CC3A-E37F-4F28-A45F-8D4CB917EBDA}.Debug|Any CPU.ActiveCfg = Debug|Any CPU
		{A914CC3A-E37F-4F28-A45F-8D4CB917EBDA}.Debug|Any CPU.Build.0 = Debug|Any CPU
		{A914CC3A-E37F-4F28-A45F-8D4CB917EBDA}.Release|Any CPU.ActiveCfg = Release|Any CPU
		{A914CC3A-E37F-4F28-A45F-8D4CB917EBDA}.Release|Any CPU.Build.0 = Release|Any CPU
		{7765FB2E-9586-42E0-8A92-5D97DA490489}.Debug|Any CPU.ActiveCfg = Debug|Any CPU
		{7765FB2E-9586-42E0-8A92-5D97DA490489}.Debug|Any CPU.Build.0 = Debug|Any CPU
		{7765FB2E-9586-42E0-8A92-5D97DA490489}.Release|Any CPU.ActiveCfg = Release|Any CPU
		{7765FB2E-9586-42E0-8A92-5D97DA490489}.Release|Any CPU.Build.0 = Release|Any CPU
		{66859143-2F4D-4E05-B732-27817340ADBE}.Debug|Any CPU.ActiveCfg = Debug|Any CPU
		{66859143-2F4D-4E05-B732-27817340ADBE}.Debug|Any CPU.Build.0 = Debug|Any CPU
		{66859143-2F4D-4E05-B732-27817340ADBE}.Release|Any CPU.ActiveCfg = Release|Any CPU
		{66859143-2F4D-4E05-B732-27817340ADBE}.Release|Any CPU.Build.0 = Release|Any CPU
		{F0114F5F-B603-483C-BFC2-41758A7E386F}.Debug|Any CPU.ActiveCfg = Debug|Any CPU
		{F0114F5F-B603-483C-BFC2-41758A7E386F}.Debug|Any CPU.Build.0 = Debug|Any CPU
		{F0114F5F-B603-483C-BFC2-41758A7E386F}.Release|Any CPU.ActiveCfg = Release|Any CPU
		{F0114F5F-B603-483C-BFC2-41758A7E386F}.Release|Any CPU.Build.0 = Release|Any CPU
		{567ACDED-6EFD-4832-B1F4-549E54C2A24F}.Debug|Any CPU.ActiveCfg = Debug|Any CPU
		{567ACDED-6EFD-4832-B1F4-549E54C2A24F}.Debug|Any CPU.Build.0 = Debug|Any CPU
		{567ACDED-6EFD-4832-B1F4-549E54C2A24F}.Release|Any CPU.ActiveCfg = Release|Any CPU
		{567ACDED-6EFD-4832-B1F4-549E54C2A24F}.Release|Any CPU.Build.0 = Release|Any CPU
		{D6BABC75-EA1E-4FF4-91B7-B228F0F505B9}.Debug|Any CPU.ActiveCfg = Debug|Any CPU
		{D6BABC75-EA1E-4FF4-91B7-B228F0F505B9}.Debug|Any CPU.Build.0 = Debug|Any CPU
		{D6BABC75-EA1E-4FF4-91B7-B228F0F505B9}.Release|Any CPU.ActiveCfg = Release|Any CPU
		{D6BABC75-EA1E-4FF4-91B7-B228F0F505B9}.Release|Any CPU.Build.0 = Release|Any CPU
		{0A36A8EA-10C6-45FB-AC33-F3CB533A3F0D}.Debug|Any CPU.ActiveCfg = Debug|Any CPU
		{0A36A8EA-10C6-45FB-AC33-F3CB533A3F0D}.Debug|Any CPU.Build.0 = Debug|Any CPU
		{0A36A8EA-10C6-45FB-AC33-F3CB533A3F0D}.Release|Any CPU.ActiveCfg = Release|Any CPU
		{0A36A8EA-10C6-45FB-AC33-F3CB533A3F0D}.Release|Any CPU.Build.0 = Release|Any CPU
		{4700D537-C00F-4114-88B0-6B155432E8BF}.Debug|Any CPU.ActiveCfg = Debug|Any CPU
		{4700D537-C00F-4114-88B0-6B155432E8BF}.Debug|Any CPU.Build.0 = Debug|Any CPU
		{4700D537-C00F-4114-88B0-6B155432E8BF}.Release|Any CPU.ActiveCfg = Release|Any CPU
		{4700D537-C00F-4114-88B0-6B155432E8BF}.Release|Any CPU.Build.0 = Release|Any CPU
		{9472B585-AF03-4BC2-8B91-44E0FCD495DA}.Debug|Any CPU.ActiveCfg = Debug|Any CPU
		{9472B585-AF03-4BC2-8B91-44E0FCD495DA}.Debug|Any CPU.Build.0 = Debug|Any CPU
		{9472B585-AF03-4BC2-8B91-44E0FCD495DA}.Release|Any CPU.ActiveCfg = Release|Any CPU
		{9472B585-AF03-4BC2-8B91-44E0FCD495DA}.Release|Any CPU.Build.0 = Release|Any CPU
	EndGlobalSection
	GlobalSection(SolutionProperties) = preSolution
		HideSolutionNode = FALSE
	EndGlobalSection
	GlobalSection(NestedProjects) = preSolution
		{0681F38E-DCC6-4C84-B8D8-B673F6DAC75B} = {3AE181EA-F77F-4126-8AF4-AE77725F9763}
		{5748F273-8FCF-4A15-814E-C13DCD499DA6} = {3AE181EA-F77F-4126-8AF4-AE77725F9763}
		{46841971-F8B6-4CC0-8B1A-9DBA7ED4F444} = {3AE181EA-F77F-4126-8AF4-AE77725F9763}
		{6F53BB09-591D-42A2-AF6F-5298FEB3A42F} = {3AE181EA-F77F-4126-8AF4-AE77725F9763}
		{342DBA6A-E2BE-4767-9A17-394F1546FFCE} = {6F53BB09-591D-42A2-AF6F-5298FEB3A42F}
		{A6A4F4E5-712E-4B11-AA34-AE97F899AD80} = {0681F38E-DCC6-4C84-B8D8-B673F6DAC75B}
		{5AF38348-6979-4656-9C50-BE11E9DEF0F5} = {A6A4F4E5-712E-4B11-AA34-AE97F899AD80}
		{0121F3F1-F2DC-4998-9B51-DE7731B0AD22} = {5748F273-8FCF-4A15-814E-C13DCD499DA6}
		{DB3D6860-E30C-4E38-B0CB-2B52A27C2C56} = {0121F3F1-F2DC-4998-9B51-DE7731B0AD22}
		{0676682E-EAEB-4B94-94EE-A5610952430A} = {0121F3F1-F2DC-4998-9B51-DE7731B0AD22}
		{09AE3F83-9E37-40E5-9581-502439DEF81B} = {0121F3F1-F2DC-4998-9B51-DE7731B0AD22}
		{E9EDC61B-C0DD-4464-B287-57CDD1924BEF} = {0121F3F1-F2DC-4998-9B51-DE7731B0AD22}
		{C6A54EC0-817D-42EE-8679-52BFAEF9DFF8} = {342DBA6A-E2BE-4767-9A17-394F1546FFCE}
		{F2DE512A-6A85-44C2-9C0C-20D63818C23F} = {46841971-F8B6-4CC0-8B1A-9DBA7ED4F444}
		{A914CC3A-E37F-4F28-A45F-8D4CB917EBDA} = {F2DE512A-6A85-44C2-9C0C-20D63818C23F}
		{E8A4874F-FA63-4E12-B0FB-51897A97BA8D} = {46841971-F8B6-4CC0-8B1A-9DBA7ED4F444}
		{5A1E07C4-0E1B-4F60-8470-56EB214DEAB4} = {46841971-F8B6-4CC0-8B1A-9DBA7ED4F444}
		{6A5AE250-6139-46DF-884A-3795CF305EA1} = {46841971-F8B6-4CC0-8B1A-9DBA7ED4F444}
		{D9B4B68B-E9AF-4399-B9E7-900BDE2FFB30} = {46841971-F8B6-4CC0-8B1A-9DBA7ED4F444}
		{7765FB2E-9586-42E0-8A92-5D97DA490489} = {E8A4874F-FA63-4E12-B0FB-51897A97BA8D}
		{66859143-2F4D-4E05-B732-27817340ADBE} = {5A1E07C4-0E1B-4F60-8470-56EB214DEAB4}
		{F0114F5F-B603-483C-BFC2-41758A7E386F} = {6A5AE250-6139-46DF-884A-3795CF305EA1}
		{567ACDED-6EFD-4832-B1F4-549E54C2A24F} = {D9B4B68B-E9AF-4399-B9E7-900BDE2FFB30}
		{D6BABC75-EA1E-4FF4-91B7-B228F0F505B9} = {D9B4B68B-E9AF-4399-B9E7-900BDE2FFB30}
		{0A36A8EA-10C6-45FB-AC33-F3CB533A3F0D} = {D9B4B68B-E9AF-4399-B9E7-900BDE2FFB30}
		{4700D537-C00F-4114-88B0-6B155432E8BF} = {D9B4B68B-E9AF-4399-B9E7-900BDE2FFB30}
		{F4853FED-CF61-4C95-AD7A-2FCBFEB71C8E} = {46841971-F8B6-4CC0-8B1A-9DBA7ED4F444}
		{9472B585-AF03-4BC2-8B91-44E0FCD495DA} = {F4853FED-CF61-4C95-AD7A-2FCBFEB71C8E}
	EndGlobalSection
	GlobalSection(ExtensibilityGlobals) = postSolution
		SolutionGuid = {D8EC6118-E3B0-4579-AA41-D8D1D15BFB07}
	EndGlobalSection
EndGlobal
